
Microsoft Visual Studio Solution File, Format Version 12.00
# Visual Studio Version 16
VisualStudioVersion = 16.0.31019.35
MinimumVisualStudioVersion = 10.0.40219.1
Project("{FAE04EC0-301F-11D3-BF4B-00C04F79EFBC}") = "Lab1Variant3", "Lab1Variant3\Lab1Variant3.csproj", "{A8E94F31-3AED-4B2E-BB98-575D844AB7B8}"
EndProject
Global
	GlobalSection(SolutionConfigurationPlatforms) = preSolution
		Debug|Any CPU = Debug|Any CPU
		Release|Any CPU = Release|Any CPU
	EndGlobalSection
	GlobalSection(ProjectConfigurationPlatforms) = postSolution
		{A8E94F31-3AED-4B2E-BB98-575D844AB7B8}.Debug|Any CPU.ActiveCfg = Debug|Any CPU
		{A8E94F31-3AED-4B2E-BB98-575D844AB7B8}.Debug|Any CPU.Build.0 = Debug|Any CPU
		{A8E94F31-3AED-4B2E-BB98-575D844AB7B8}.Release|Any CPU.ActiveCfg = Release|Any CPU
		{A8E94F31-3AED-4B2E-BB98-575D844AB7B8}.Release|Any CPU.Build.0 = Release|Any CPU
	EndGlobalSection
	GlobalSection(SolutionProperties) = preSolution
		HideSolutionNode = FALSE
	EndGlobalSection
	GlobalSection(ExtensibilityGlobals) = postSolution
		SolutionGuid = {E0EA6163-FFC7-438C-BBB0-78FAF29A0D11}
	EndGlobalSection
EndGlobal
